
Microsoft Visual Studio Solution File, Format Version 12.00
# Visual Studio Version 17
VisualStudioVersion = 17.14.36203.30 d17.14
MinimumVisualStudioVersion = 10.0.40219.1
Project("{FAE04EC0-301F-11D3-BF4B-00C04F79EFBC}") = "assignment", "assignment\assignment.csproj", "{C02459C9-ABC5-4C34-871B-5AEBB2A765DB}"
EndProject
Project("{FAE04EC0-301F-11D3-BF4B-00C04F79EFBC}") = "demo", "demo\demo.csproj", "{CBBC710F-4FF0-4288-9C5A-9C4C433D5D42}"
EndProject
Global
	GlobalSection(SolutionConfigurationPlatforms) = preSolution
		Debug|Any CPU = Debug|Any CPU
		Release|Any CPU = Release|Any CPU
	EndGlobalSection
	GlobalSection(ProjectConfigurationPlatforms) = postSolution
		{C02459C9-ABC5-4C34-871B-5AEBB2A765DB}.Debug|Any CPU.ActiveCfg = Debug|Any CPU
		{C02459C9-ABC5-4C34-871B-5AEBB2A765DB}.Debug|Any CPU.Build.0 = Debug|Any CPU
		{C02459C9-ABC5-4C34-871B-5AEBB2A765DB}.Release|Any CPU.ActiveCfg = Release|Any CPU
		{C02459C9-ABC5-4C34-871B-5AEBB2A765DB}.Release|Any CPU.Build.0 = Release|Any CPU
		{CBBC710F-4FF0-4288-9C5A-9C4C433D5D42}.Debug|Any CPU.ActiveCfg = Debug|Any CPU
		{CBBC710F-4FF0-4288-9C5A-9C4C433D5D42}.Debug|Any CPU.Build.0 = Debug|Any CPU
		{CBBC710F-4FF0-4288-9C5A-9C4C433D5D42}.Release|Any CPU.ActiveCfg = Release|Any CPU
		{CBBC710F-4FF0-4288-9C5A-9C4C433D5D42}.Release|Any CPU.Build.0 = Release|Any CPU
	EndGlobalSection
	GlobalSection(SolutionProperties) = preSolution
		HideSolutionNode = FALSE
	EndGlobalSection
	GlobalSection(ExtensibilityGlobals) = postSolution
		SolutionGuid = {DC8D7E54-929D-4686-92FA-D742C527EE0A}
	EndGlobalSection
EndGlobal
